
Microsoft Visual Studio Solution File, Format Version 12.00
# Visual Studio Version 17
VisualStudioVersion = 17.14.36203.30 d17.14
MinimumVisualStudioVersion = 10.0.40219.1
Project("{FAE04EC0-301F-11D3-BF4B-00C04F79EFBC}") = "reqresApiTests", "reqresApiTests.csproj", "{4EBA6D89-24CA-4FD3-B1EC-FEB038FC84A8}"
EndProject
Global
	GlobalSection(SolutionConfigurationPlatforms) = preSolution
		Debug|Any CPU = Debug|Any CPU
		Release|Any CPU = Release|Any CPU
	EndGlobalSection
	GlobalSection(ProjectConfigurationPlatforms) = postSolution
		{4EBA6D89-24CA-4FD3-B1EC-FEB038FC84A8}.Debug|Any CPU.ActiveCfg = Debug|Any CPU
		{4EBA6D89-24CA-4FD3-B1EC-FEB038FC84A8}.Debug|Any CPU.Build.0 = Debug|Any CPU
		{4EBA6D89-24CA-4FD3-B1EC-FEB038FC84A8}.Release|Any CPU.ActiveCfg = Release|Any CPU
		{4EBA6D89-24CA-4FD3-B1EC-FEB038FC84A8}.Release|Any CPU.Build.0 = Release|Any CPU
	EndGlobalSection
	GlobalSection(SolutionProperties) = preSolution
		HideSolutionNode = FALSE
	EndGlobalSection
	GlobalSection(ExtensibilityGlobals) = postSolution
		SolutionGuid = {7B15C06D-E594-45CD-B38B-3FD975E45F7F}
	EndGlobalSection
EndGlobal
